// !$*UTF8*$!
{
	archiveVersion = 1;
	classes = {
	};
	objectVersion = 50;
	objects = {

/* Begin PBXBuildFile section */
		64BD7C2926DEB7250033071B /* SomethingApp.swift in Sources */ = {isa = PBXBuildFile; fileRef = 64BD7C1526DEB7240033071B /* SomethingApp.swift */; };
		64BD7C2A26DEB7250033071B /* SomethingApp.swift in Sources */ = {isa = PBXBuildFile; fileRef = 64BD7C1526DEB7240033071B /* SomethingApp.swift */; };
		64BD7C2B26DEB7250033071B /* SomethingDocument.swift in Sources */ = {isa = PBXBuildFile; fileRef = 64BD7C1626DEB7240033071B /* SomethingDocument.swift */; };
		64BD7C2C26DEB7250033071B /* SomethingDocument.swift in Sources */ = {isa = PBXBuildFile; fileRef = 64BD7C1626DEB7240033071B /* SomethingDocument.swift */; };
		64BD7C2D26DEB7250033071B /* ContentView.swift in Sources */ = {isa = PBXBuildFile; fileRef = 64BD7C1726DEB7240033071B /* ContentView.swift */; };
		64BD7C2E26DEB7250033071B /* ContentView.swift in Sources */ = {isa = PBXBuildFile; fileRef = 64BD7C1726DEB7240033071B /* ContentView.swift */; };
		64BD7C2F26DEB7250033071B /* Assets.xcassets in Resources */ = {isa = PBXBuildFile; fileRef = 64BD7C1826DEB7250033071B /* Assets.xcassets */; };
		64BD7C3026DEB7250033071B /* Assets.xcassets in Resources */ = {isa = PBXBuildFile; fileRef = 64BD7C1826DEB7250033071B /* Assets.xcassets */; };
/* End PBXBuildFile section */

/* Begin PBXFileReference section */
		64BD7C1526DEB7240033071B /* SomethingApp.swift */ = {isa = PBXFileReference; lastKnownFileType = sourcecode.swift; path = SomethingApp.swift; sourceTree = "<group>"; };
		64BD7C1626DEB7240033071B /* SomethingDocument.swift */ = {isa = PBXFileReference; lastKnownFileType = sourcecode.swift; path = SomethingDocument.swift; sourceTree = "<group>"; };
		64BD7C1726DEB7240033071B /* ContentView.swift */ = {isa = PBXFileReference; lastKnownFileType = sourcecode.swift; path = ContentView.swift; sourceTree = "<group>"; };
		64BD7C1826DEB7250033071B /* Assets.xcassets */ = {isa = PBXFileReference; lastKnownFileType = folder.assetcatalog; path = Assets.xcassets; sourceTree = "<group>"; };
		64BD7C1D26DEB7250033071B /* Something.app */ = {isa = PBXFileReference; explicitFileType = wrapper.application; includeInIndex = 0; path = Something.app; sourceTree = BUILT_PRODUCTS_DIR; };
		64BD7C2026DEB7250033071B /* Info.plist */ = {isa = PBXFileReference; lastKnownFileType = text.plist.xml; path = Info.plist; sourceTree = "<group>"; };
		64BD7C2526DEB7250033071B /* Something.app */ = {isa = PBXFileReference; explicitFileType = wrapper.application; includeInIndex = 0; path = Something.app; sourceTree = BUILT_PRODUCTS_DIR; };
		64BD7C2726DEB7250033071B /* Info.plist */ = {isa = PBXFileReference; lastKnownFileType = text.plist.xml; path = Info.plist; sourceTree = "<group>"; };
		64BD7C2826DEB7250033071B /* macOS.entitlements */ = {isa = PBXFileReference; lastKnownFileType = text.plist.entitlements; path = macOS.entitlements; sourceTree = "<group>"; };
/* End PBXFileReference section */

/* Begin PBXFrameworksBuildPhase section */
		64BD7C1A26DEB7250033071B /* Frameworks */ = {
			isa = PBXFrameworksBuildPhase;
			buildActionMask = 2147483647;
			files = (
			);
			runOnlyForDeploymentPostprocessing = 0;
		};
		64BD7C2226DEB7250033071B /* Frameworks */ = {
			isa = PBXFrameworksBuildPhase;
			buildActionMask = 2147483647;
			files = (
			);
			runOnlyForDeploymentPostprocessing = 0;
		};
/* End PBXFrameworksBuildPhase section */

/* Begin PBXGroup section */
		64BD7C0F26DEB7240033071B = {
			isa = PBXGroup;
			children = (
				64BD7C1426DEB7240033071B /* Shared */,
				64BD7C1F26DEB7250033071B /* iOS */,
				64BD7C2626DEB7250033071B /* macOS */,
				64BD7C1E26DEB7250033071B /* Products */,
			);
			sourceTree = "<group>";
		};
		64BD7C1426DEB7240033071B /* Shared */ = {
			isa = PBXGroup;
			children = (
				64BD7C1526DEB7240033071B /* SomethingApp.swift */,
				64BD7C1626DEB7240033071B /* SomethingDocument.swift */,
				64BD7C1726DEB7240033071B /* ContentView.swift */,
				64DFC8B126DEB8A900850F04 /* New Group */,
				64BD7C1826DEB7250033071B /* Assets.xcassets */,
			);
			path = Shared;
			sourceTree = "<group>";
		};
		64BD7C1E26DEB7250033071B /* Products */ = {
			isa = PBXGroup;
			children = (
				64BD7C1D26DEB7250033071B /* Something.app */,
				64BD7C2526DEB7250033071B /* Something.app */,
			);
			name = Products;
			sourceTree = "<group>";
		};
		64BD7C1F26DEB7250033071B /* iOS */ = {
			isa = PBXGroup;
			children = (
				64BD7C2026DEB7250033071B /* Info.plist */,
			);
			path = iOS;
			sourceTree = "<group>";
		};
		64BD7C2626DEB7250033071B /* macOS */ = {
			isa = PBXGroup;
			children = (
				64BD7C2726DEB7250033071B /* Info.plist */,
				64BD7C2826DEB7250033071B /* macOS.entitlements */,
			);
			path = macOS;
			sourceTree = "<group>";
		};
		64DFC8B126DEB8A900850F04 /* New Group */ = {
			isa = PBXGroup;
			children = (
			);
			path = "New Group";
			sourceTree = "<group>";
		};
/* End PBXGroup section */

/* Begin PBXNativeTarget section */
		64BD7C1C26DEB7250033071B /* Something (iOS) */ = {
			isa = PBXNativeTarget;
			buildConfigurationList = 64BD7C3326DEB7250033071B /* Build configuration list for PBXNativeTarget "Something (iOS)" */;
			buildPhases = (
				64BD7C1926DEB7250033071B /* Sources */,
				64BD7C1A26DEB7250033071B /* Frameworks */,
				64BD7C1B26DEB7250033071B /* Resources */,
			);
			buildRules = (
			);
			dependencies = (
			);
			name = "Something (iOS)";
			productName = "Something (iOS)";
			productReference = 64BD7C1D26DEB7250033071B /* Something.app */;
			productType = "com.apple.product-type.application";
		};
		64BD7C2426DEB7250033071B /* Something (macOS) */ = {
			isa = PBXNativeTarget;
			buildConfigurationList = 64BD7C3626DEB7250033071B /* Build configuration list for PBXNativeTarget "Something (macOS)" */;
			buildPhases = (
				64BD7C2126DEB7250033071B /* Sources */,
				64BD7C2226DEB7250033071B /* Frameworks */,
				64BD7C2326DEB7250033071B /* Resources */,
			);
			buildRules = (
			);
			dependencies = (
			);
			name = "Something (macOS)";
			productName = "Something (macOS)";
			productReference = 64BD7C2526DEB7250033071B /* Something.app */;
			productType = "com.apple.product-type.application";
		};
/* End PBXNativeTarget section */

/* Begin PBXProject section */
		64BD7C1026DEB7240033071B /* Project object */ = {
			isa = PBXProject;
			attributes = {
				LastSwiftUpdateCheck = 1250;
				LastUpgradeCheck = 1250;
				TargetAttributes = {
					64BD7C1C26DEB7250033071B = {
						CreatedOnToolsVersion = 12.5.1;
					};
					64BD7C2426DEB7250033071B = {
						CreatedOnToolsVersion = 12.5.1;
					};
				};
			};
			buildConfigurationList = 64BD7C1326DEB7240033071B /* Build configuration list for PBXProject "Something" */;
			compatibilityVersion = "Xcode 9.3";
			developmentRegion = en;
			hasScannedForEncodings = 0;
			knownRegions = (
				en,
				Base,
			);
			mainGroup = 64BD7C0F26DEB7240033071B;
			productRefGroup = 64BD7C1E26DEB7250033071B /* Products */;
			projectDirPath = "";
			projectRoot = "";
			targets = (
				64BD7C1C26DEB7250033071B /* Something (iOS) */,
				64BD7C2426DEB7250033071B /* Something (macOS) */,
			);
		};
/* End PBXProject section */

/* Begin PBXResourcesBuildPhase section */
		64BD7C1B26DEB7250033071B /* Resources */ = {
			isa = PBXResourcesBuildPhase;
			buildActionMask = 2147483647;
			files = (
				64BD7C2F26DEB7250033071B /* Assets.xcassets in Resources */,
			);
			runOnlyForDeploymentPostprocessing = 0;
		};
		64BD7C2326DEB7250033071B /* Resources */ = {
			isa = PBXResourcesBuildPhase;
			buildActionMask = 2147483647;
			files = (
				64BD7C3026DEB7250033071B /* Assets.xcassets in Resources */,
			);
			runOnlyForDeploymentPostprocessing = 0;
		};
/* End PBXResourcesBuildPhase section */

/* Begin PBXSourcesBuildPhase section */
		64BD7C1926DEB7250033071B /* Sources */ = {
			isa = PBXSourcesBuildPhase;
			buildActionMask = 2147483647;
			files = (
				64BD7C2926DEB7250033071B /* SomethingApp.swift in Sources */,
				64BD7C2B26DEB7250033071B /* SomethingDocument.swift in Sources */,
				64BD7C2D26DEB7250033071B /* ContentView.swift in Sources */,
			);
			runOnlyForDeploymentPostprocessing = 0;
		};
		64BD7C2126DEB7250033071B /* Sources */ = {
			isa = PBXSourcesBuildPhase;
			buildActionMask = 2147483647;
			files = (
				64BD7C2A26DEB7250033071B /* SomethingApp.swift in Sources */,
				64BD7C2C26DEB7250033071B /* SomethingDocument.swift in Sources */,
				64BD7C2E26DEB7250033071B /* ContentView.swift in Sources */,
			);
			runOnlyForDeploymentPostprocessing = 0;
		};
/* End PBXSourcesBuildPhase section */

/* Begin XCBuildConfiguration section */
		64BD7C3126DEB7250033071B /* Debug */ = {
			isa = XCBuildConfiguration;
			buildSettings = {
				ALWAYS_SEARCH_USER_PATHS = NO;
				CLANG_ANALYZER_NONNULL = YES;
				CLANG_ANALYZER_NUMBER_OBJECT_CONVERSION = YES_AGGRESSIVE;
				CLANG_CXX_LANGUAGE_STANDARD = "gnu++14";
				CLANG_CXX_LIBRARY = "libc++";
				CLANG_ENABLE_MODULES = YES;
				CLANG_ENABLE_OBJC_ARC = YES;
				CLANG_ENABLE_OBJC_WEAK = YES;
				CLANG_WARN_BLOCK_CAPTURE_AUTORELEASING = YES;
				CLANG_WARN_BOOL_CONVERSION = YES;
				CLANG_WARN_COMMA = YES;
				CLANG_WARN_CONSTANT_CONVERSION = YES;
				CLANG_WARN_DEPRECATED_OBJC_IMPLEMENTATIONS = YES;
				CLANG_WARN_DIRECT_OBJC_ISA_USAGE = YES_ERROR;
				CLANG_WARN_DOCUMENTATION_COMMENTS = YES;
				CLANG_WARN_EMPTY_BODY = YES;
				CLANG_WARN_ENUM_CONVERSION = YES;
				CLANG_WARN_INFINITE_RECURSION = YES;
				CLANG_WARN_INT_CONVERSION = YES;
				CLANG_WARN_NON_LITERAL_NULL_CONVERSION = YES;
				CLANG_WARN_OBJC_IMPLICIT_RETAIN_SELF = YES;
				CLANG_WARN_OBJC_LITERAL_CONVERSION = YES;
				CLANG_WARN_OBJC_ROOT_CLASS = YES_ERROR;
				CLANG_WARN_QUOTED_INCLUDE_IN_FRAMEWORK_HEADER = YES;
				CLANG_WARN_RANGE_LOOP_ANALYSIS = YES;
				CLANG_WARN_STRICT_PROTOTYPES = YES;
				CLANG_WARN_SUSPICIOUS_MOVE = YES;
				CLANG_WARN_UNGUARDED_AVAILABILITY = YES_AGGRESSIVE;
				CLANG_WARN_UNREACHABLE_CODE = YES;
				CLANG_WARN__DUPLICATE_METHOD_MATCH = YES;
				COPY_PHASE_STRIP = NO;
				DEBUG_INFORMATION_FORMAT = dwarf;
				ENABLE_STRICT_OBJC_MSGSEND = YES;
				ENABLE_TESTABILITY = YES;
				GCC_C_LANGUAGE_STANDARD = gnu11;
				GCC_DYNAMIC_NO_PIC = NO;
				GCC_NO_COMMON_BLOCKS = YES;
				GCC_OPTIMIZATION_LEVEL = 0;
				GCC_PREPROCESSOR_DEFINITIONS = (
					"DEBUG=1",
					"$(inherited)",
				);
				GCC_WARN_64_TO_32_BIT_CONVERSION = YES;
				GCC_WARN_ABOUT_RETURN_TYPE = YES_ERROR;
				GCC_WARN_UNDECLARED_SELECTOR = YES;
				GCC_WARN_UNINITIALIZED_AUTOS = YES_AGGRESSIVE;
				GCC_WARN_UNUSED_FUNCTION = YES;
				GCC_WARN_UNUSED_VARIABLE = YES;
				MTL_ENABLE_DEBUG_INFO = INCLUDE_SOURCE;
				MTL_FAST_MATH = YES;
				ONLY_ACTIVE_ARCH = YES;
				SWIFT_ACTIVE_COMPILATION_CONDITIONS = DEBUG;
				SWIFT_OPTIMIZATION_LEVEL = "-Onone";
			};
			name = Debug;
		};
		64BD7C3226DEB7250033071B /* Release */ = {
			isa = XCBuildConfiguration;
			buildSettings = {
				ALWAYS_SEARCH_USER_PATHS = NO;
				CLANG_ANALYZER_NONNULL = YES;
				CLANG_ANALYZER_NUMBER_OBJECT_CONVERSION = YES_AGGRESSIVE;
				CLANG_CXX_LANGUAGE_STANDARD = "gnu++14";
				CLANG_CXX_LIBRARY = "libc++";
				CLANG_ENABLE_MODULES = YES;
				CLANG_ENABLE_OBJC_ARC = YES;
				CLANG_ENABLE_OBJC_WEAK = YES;
				CLANG_WARN_BLOCK_CAPTURE_AUTORELEASING = YES;
				CLANG_WARN_BOOL_CONVERSION = YES;
				CLANG_WARN_COMMA = YES;
				CLANG_WARN_CONSTANT_CONVERSION = YES;
				CLANG_WARN_DEPRECATED_OBJC_IMPLEMENTATIONS = YES;
				CLANG_WARN_DIRECT_OBJC_ISA_USAGE = YES_ERROR;
				CLANG_WARN_DOCUMENTATION_COMMENTS = YES;
				CLANG_WARN_EMPTY_BODY = YES;
				CLANG_WARN_ENUM_CONVERSION = YES;
				CLANG_WARN_INFINITE_RECURSION = YES;
				CLANG_WARN_INT_CONVERSION = YES;
				CLANG_WARN_NON_LITERAL_NULL_CONVERSION = YES;
				CLANG_WARN_OBJC_IMPLICIT_RETAIN_SELF = YES;
				CLANG_WARN_OBJC_LITERAL_CONVERSION = YES;
				CLANG_WARN_OBJC_ROOT_CLASS = YES_ERROR;
				CLANG_WARN_QUOTED_INCLUDE_IN_FRAMEWORK_HEADER = YES;
				CLANG_WARN_RANGE_LOOP_ANALYSIS = YES;
				CLANG_WARN_STRICT_PROTOTYPES = YES;
				CLANG_WARN_SUSPICIOUS_MOVE = YES;
				CLANG_WARN_UNGUARDED_AVAILABILITY = YES_AGGRESSIVE;
				CLANG_WARN_UNREACHABLE_CODE = YES;
				CLANG_WARN__DUPLICATE_METHOD_MATCH = YES;
				COPY_PHASE_STRIP = NO;
				DEBUG_INFORMATION_FORMAT = "dwarf-with-dsym";
				ENABLE_NS_ASSERTIONS = NO;
				ENABLE_STRICT_OBJC_MSGSEND = YES;
				GCC_C_LANGUAGE_STANDARD = gnu11;
				GCC_NO_COMMON_BLOCKS = YES;
				GCC_WARN_64_TO_32_BIT_CONVERSION = YES;
				GCC_WARN_ABOUT_RETURN_TYPE = YES_ERROR;
				GCC_WARN_UNDECLARED_SELECTOR = YES;
				GCC_WARN_UNINITIALIZED_AUTOS = YES_AGGRESSIVE;
				GCC_WARN_UNUSED_FUNCTION = YES;
				GCC_WARN_UNUSED_VARIABLE = YES;
				MTL_ENABLE_DEBUG_INFO = NO;
				MTL_FAST_MATH = YES;
				SWIFT_COMPILATION_MODE = wholemodule;
				SWIFT_OPTIMIZATION_LEVEL = "-O";
			};
			name = Release;
		};
		64BD7C3426DEB7250033071B /* Debug */ = {
			isa = XCBuildConfiguration;
			buildSettings = {
				ASSETCATALOG_COMPILER_APPICON_NAME = AppIcon;
				ASSETCATALOG_COMPILER_GLOBAL_ACCENT_COLOR_NAME = AccentColor;
				CODE_SIGN_STYLE = Automatic;
				ENABLE_PREVIEWS = YES;
				INFOPLIST_FILE = iOS/Info.plist;
				IPHONEOS_DEPLOYMENT_TARGET = 14.0;
				LD_RUNPATH_SEARCH_PATHS = (
					"$(inherited)",
					"@executable_path/Frameworks",
				);
				PRODUCT_BUNDLE_IDENTIFIER = Something.Something;
				PRODUCT_NAME = Something;
				SDKROOT = iphoneos;
				SWIFT_VERSION = 5.0;
				TARGETED_DEVICE_FAMILY = "1,2";
			};
			name = Debug;
		};
		64BD7C3526DEB7250033071B /* Release */ = {
			isa = XCBuildConfiguration;
			buildSettings = {
				ASSETCATALOG_COMPILER_APPICON_NAME = AppIcon;
				ASSETCATALOG_COMPILER_GLOBAL_ACCENT_COLOR_NAME = AccentColor;
				CODE_SIGN_STYLE = Automatic;
				ENABLE_PREVIEWS = YES;
				INFOPLIST_FILE = iOS/Info.plist;
				IPHONEOS_DEPLOYMENT_TARGET = 14.0;
				LD_RUNPATH_SEARCH_PATHS = (
					"$(inherited)",
					"@executable_path/Frameworks",
				);
				PRODUCT_BUNDLE_IDENTIFIER = Something.Something;
				PRODUCT_NAME = Something;
				SDKROOT = iphoneos;
				SWIFT_VERSION = 5.0;
				TARGETED_DEVICE_FAMILY = "1,2";
				VALIDATE_PRODUCT = YES;
			};
			name = Release;
		};
		64BD7C3726DEB7250033071B /* Debug */ = {
			isa = XCBuildConfiguration;
			buildSettings = {
				ASSETCATALOG_COMPILER_APPICON_NAME = AppIcon;
				ASSETCATALOG_COMPILER_GLOBAL_ACCENT_COLOR_NAME = AccentColor;
				CODE_SIGN_ENTITLEMENTS = macOS/macOS.entitlements;
				CODE_SIGN_STYLE = Automatic;
				COMBINE_HIDPI_IMAGES = YES;
				ENABLE_PREVIEWS = YES;
				INFOPLIST_FILE = macOS/Info.plist;
				LD_RUNPATH_SEARCH_PATHS = (
					"$(inherited)",
					"@executable_path/../Frameworks",
				);
				MACOSX_DEPLOYMENT_TARGET = 11.0;
				PRODUCT_BUNDLE_IDENTIFIER = Something.Something;
				PRODUCT_NAME = Something;
				SDKROOT = macosx;
				SWIFT_VERSION = 5.0;
			};
			name = Debug;
		};
		64BD7C3826DEB7250033071B /* Release */ = {
			isa = XCBuildConfiguration;
			buildSettings = {
				ASSETCATALOG_COMPILER_APPICON_NAME = AppIcon;
				ASSETCATALOG_COMPILER_GLOBAL_ACCENT_COLOR_NAME = AccentColor;
				CODE_SIGN_ENTITLEMENTS = macOS/macOS.entitlements;
				CODE_SIGN_STYLE = Automatic;
				COMBINE_HIDPI_IMAGES = YES;
				ENABLE_PREVIEWS = YES;
				INFOPLIST_FILE = macOS/Info.plist;
				LD_RUNPATH_SEARCH_PATHS = (
					"$(inherited)",
					"@executable_path/../Frameworks",
				);
				MACOSX_DEPLOYMENT_TARGET = 11.0;
				PRODUCT_BUNDLE_IDENTIFIER = Something.Something;
				PRODUCT_NAME = Something;
				SDKROOT = macosx;
				SWIFT_VERSION = 5.0;
			};
			name = Release;
		};
/* End XCBuildConfiguration section */

/* Begin XCConfigurationList section */
		64BD7C1326DEB7240033071B /* Build configuration list for PBXProject "Something" */ = {
			isa = XCConfigurationList;
			buildConfigurations = (
				64BD7C3126DEB7250033071B /* Debug */,
				64BD7C3226DEB7250033071B /* Release */,
			);
			defaultConfigurationIsVisible = 0;
			defaultConfigurationName = Release;
		};
		64BD7C3326DEB7250033071B /* Build configuration list for PBXNativeTarget "Something (iOS)" */ = {
			isa = XCConfigurationList;
			buildConfigurations = (
				64BD7C3426DEB7250033071B /* Debug */,
				64BD7C3526DEB7250033071B /* Release */,
			);
			defaultConfigurationIsVisible = 0;
			defaultConfigurationName = Release;
		};
		64BD7C3626DEB7250033071B /* Build configuration list for PBXNativeTarget "Something (macOS)" */ = {
			isa = XCConfigurationList;
			buildConfigurations = (
				64BD7C3726DEB7250033071B /* Debug */,
				64BD7C3826DEB7250033071B /* Release */,
			);
			defaultConfigurationIsVisible = 0;
			defaultConfigurationName = Release;
		};
/* End XCConfigurationList section */
	};
	rootObject = 64BD7C1026DEB7240033071B /* Project object */;
}
